// !$*UTF8*$!
{
	archiveVersion = 1;
	classes = {
	};
	objectVersion = 56;
	objects = {

/* Begin PBXBuildFile section */
		9B7D1A2E2C8F4A9A8B2D0101 /* MacMiniMixerApp.swift in Sources */ = {isa = PBXBuildFile; fileRef = 9B7D1A2D2C8F4A9A8B2D0101 /* MacMiniMixerApp.swift */; };
		9B7D1A302C8F4A9A8B2D0101 /* MenuBarRootView.swift in Sources */ = {isa = PBXBuildFile; fileRef = 9B7D1A2F2C8F4A9A8B2D0101 /* MenuBarRootView.swift */; };
		9B7D1A322C8F4A9A8B2D0101 /* MixerPanelView.swift in Sources */ = {isa = PBXBuildFile; fileRef = 9B7D1A312C8F4A9A8B2D0101 /* MixerPanelView.swift */; };
		9B7D1A342C8F4A9A8B2D0101 /* MixerViewModel.swift in Sources */ = {isa = PBXBuildFile; fileRef = 9B7D1A332C8F4A9A8B2D0101 /* MixerViewModel.swift */; };
		9B7D1AD92C8F4A9A8B2D0101 /* AdvancedHelperDiscoveryState.swift in Sources */ = {isa = PBXBuildFile; fileRef = 9B7D1AD82C8F4A9A8B2D0101 /* AdvancedHelperDiscoveryState.swift */; };
		9B7D1ADB2C8F4A9A8B2D0101 /* AdvancedHelperDiscoveryCoordinator.swift in Sources */ = {isa = PBXBuildFile; fileRef = 9B7D1ADA2C8F4A9A8B2D0101 /* AdvancedHelperDiscoveryCoordinator.swift */; };
		9B7D1ADE2C8F4A9A8B2D0101 /* SystemOutputCoordinator.swift in Sources */ = {isa = PBXBuildFile; fileRef = 9B7D1ADF2C8F4A9A8B2D0101 /* SystemOutputCoordinator.swift */; };
		9B7D1B012C8F4A9A8B2D0101 /* RealControlBannerPresenter.swift in Sources */ = {isa = PBXBuildFile; fileRef = 9B7D1B022C8F4A9A8B2D0101 /* RealControlBannerPresenter.swift */; };
		9B7D1B052C8F4A9A8B2D0101 /* MixerVisibleAppsFilter.swift in Sources */ = {isa = PBXBuildFile; fileRef = 9B7D1B062C8F4A9A8B2D0101 /* MixerVisibleAppsFilter.swift */; };
		9B7D1B092C8F4A9A8B2D0101 /* MixerStatusMessageController.swift in Sources */ = {isa = PBXBuildFile; fileRef = 9B7D1B0A2C8F4A9A8B2D0101 /* MixerStatusMessageController.swift */; };
		9B7D1B0D2C8F4A9A8B2D0101 /* ProductRealControlSideEffects.swift in Sources */ = {isa = PBXBuildFile; fileRef = 9B7D1B0E2C8F4A9A8B2D0101 /* ProductRealControlSideEffects.swift */; };
		9B7D1B0F2C8F4A9A8B2D0101 /* ProductRealControlCoordinator.swift in Sources */ = {isa = PBXBuildFile; fileRef = 9B7D1B102C8F4A9A8B2D0101 /* ProductRealControlCoordinator.swift */; };
		9B7D1AE22C8F4A9A8B2D0101 /* AdvancedProcessTapDiagnosticsCoordinator.swift in Sources */ = {isa = PBXBuildFile; fileRef = 9B7D1AE32C8F4A9A8B2D0101 /* AdvancedProcessTapDiagnosticsCoordinator.swift */; };
		9B7D1AE82C8F4A9A8B2D0101 /* AdvancedLiveControlCoordinator.swift in Sources */ = {isa = PBXBuildFile; fileRef = 9B7D1AE92C8F4A9A8B2D0101 /* AdvancedLiveControlCoordinator.swift */; };
		9B7D1AF02C8F4A9A8B2D0101 /* TwoAppReadinessCoordinator.swift in Sources */ = {isa = PBXBuildFile; fileRef = 9B7D1AF12C8F4A9A8B2D0101 /* TwoAppReadinessCoordinator.swift */; };
		9B7D1A362C8F4A9A8B2D0101 /* MixerAppRowView.swift in Sources */ = {isa = PBXBuildFile; fileRef = 9B7D1A352C8F4A9A8B2D0101 /* MixerAppRowView.swift */; };
		9B7D1A382C8F4A9A8B2D0101 /* MixerAppItem.swift in Sources */ = {isa = PBXBuildFile; fileRef = 9B7D1A372C8F4A9A8B2D0101 /* MixerAppItem.swift */; };
		9B7D1A3A2C8F4A9A8B2D0101 /* AudioControlling.swift in Sources */ = {isa = PBXBuildFile; fileRef = 9B7D1A392C8F4A9A8B2D0101 /* AudioControlling.swift */; };
		9B7D1A3C2C8F4A9A8B2D0101 /* MockAudioController.swift in Sources */ = {isa = PBXBuildFile; fileRef = 9B7D1A3B2C8F4A9A8B2D0101 /* MockAudioController.swift */; };
		9B7D1A3E2C8F4A9A8B2D0101 /* ApplicationListing.swift in Sources */ = {isa = PBXBuildFile; fileRef = 9B7D1A3D2C8F4A9A8B2D0101 /* ApplicationListing.swift */; };
		9B7D1A402C8F4A9A8B2D0101 /* MockApplicationLister.swift in Sources */ = {isa = PBXBuildFile; fileRef = 9B7D1A3F2C8F4A9A8B2D0101 /* MockApplicationLister.swift */; };
		9B7D1A422C8F4A9A8B2D0101 /* AppConstants.swift in Sources */ = {isa = PBXBuildFile; fileRef = 9B7D1A412C8F4A9A8B2D0101 /* AppConstants.swift */; };
		9B7D1A4C2C8F4A9A8B2D0101 /* OutputDeviceItem.swift in Sources */ = {isa = PBXBuildFile; fileRef = 9B7D1A4B2C8F4A9A8B2D0101 /* OutputDeviceItem.swift */; };
		9B7D1A4E2C8F4A9A8B2D0101 /* OutputDeviceSelectorView.swift in Sources */ = {isa = PBXBuildFile; fileRef = 9B7D1A4D2C8F4A9A8B2D0101 /* OutputDeviceSelectorView.swift */; };
		9B7D1A502C8F4A9A8B2D0101 /* WorkspaceApplicationLister.swift in Sources */ = {isa = PBXBuildFile; fileRef = 9B7D1A4F2C8F4A9A8B2D0101 /* WorkspaceApplicationLister.swift */; };
		9B7D1A522C8F4A9A8B2D0101 /* OutputDeviceListing.swift in Sources */ = {isa = PBXBuildFile; fileRef = 9B7D1A512C8F4A9A8B2D0101 /* OutputDeviceListing.swift */; };
		9B7D1A542C8F4A9A8B2D0101 /* CoreAudioOutputDeviceLister.swift in Sources */ = {isa = PBXBuildFile; fileRef = 9B7D1A532C8F4A9A8B2D0101 /* CoreAudioOutputDeviceLister.swift */; };
		9B7D1A562C8F4A9A8B2D0101 /* MockOutputDeviceLister.swift in Sources */ = {isa = PBXBuildFile; fileRef = 9B7D1A552C8F4A9A8B2D0101 /* MockOutputDeviceLister.swift */; };
		9B7D1A582C8F4A9A8B2D0101 /* SystemVolumeReading.swift in Sources */ = {isa = PBXBuildFile; fileRef = 9B7D1A572C8F4A9A8B2D0101 /* SystemVolumeReading.swift */; };
		9B7D1A5A2C8F4A9A8B2D0101 /* CoreAudioSystemVolumeReader.swift in Sources */ = {isa = PBXBuildFile; fileRef = 9B7D1A592C8F4A9A8B2D0101 /* CoreAudioSystemVolumeReader.swift */; };
		9B7D1A5C2C8F4A9A8B2D0101 /* MockSystemVolumeReader.swift in Sources */ = {isa = PBXBuildFile; fileRef = 9B7D1A5B2C8F4A9A8B2D0101 /* MockSystemVolumeReader.swift */; };
		9B7D1A5E2C8F4A9A8B2D0101 /* SystemVolumeControlling.swift in Sources */ = {isa = PBXBuildFile; fileRef = 9B7D1A5D2C8F4A9A8B2D0101 /* SystemVolumeControlling.swift */; };
		9B7D1A602C8F4A9A8B2D0101 /* CoreAudioSystemVolumeController.swift in Sources */ = {isa = PBXBuildFile; fileRef = 9B7D1A5F2C8F4A9A8B2D0101 /* CoreAudioSystemVolumeController.swift */; };
		9B7D1A622C8F4A9A8B2D0101 /* MockSystemVolumeController.swift in Sources */ = {isa = PBXBuildFile; fileRef = 9B7D1A612C8F4A9A8B2D0101 /* MockSystemVolumeController.swift */; };
		9B7D1A642C8F4A9A8B2D0101 /* OutputDeviceControlling.swift in Sources */ = {isa = PBXBuildFile; fileRef = 9B7D1A632C8F4A9A8B2D0101 /* OutputDeviceControlling.swift */; };
		9B7D1A662C8F4A9A8B2D0101 /* CoreAudioOutputDeviceController.swift in Sources */ = {isa = PBXBuildFile; fileRef = 9B7D1A652C8F4A9A8B2D0101 /* CoreAudioOutputDeviceController.swift */; };
		9B7D1A682C8F4A9A8B2D0101 /* MockOutputDeviceController.swift in Sources */ = {isa = PBXBuildFile; fileRef = 9B7D1A672C8F4A9A8B2D0101 /* MockOutputDeviceController.swift */; };
		9B7D1A6A2C8F4A9A8B2D0101 /* MixerStatusMessage.swift in Sources */ = {isa = PBXBuildFile; fileRef = 9B7D1A692C8F4A9A8B2D0101 /* MixerStatusMessage.swift */; };
		9B7D1A6D2C8F4A9A8B2D0101 /* ProcessTapTestResult.swift in Sources */ = {isa = PBXBuildFile; fileRef = 9B7D1A6C2C8F4A9A8B2D0101 /* ProcessTapTestResult.swift */; };
		9B7D1A6F2C8F4A9A8B2D0101 /* ProcessTapTesting.swift in Sources */ = {isa = PBXBuildFile; fileRef = 9B7D1A6E2C8F4A9A8B2D0101 /* ProcessTapTesting.swift */; };
		9B7D1A712C8F4A9A8B2D0101 /* CoreAudioProcessTapTester.swift in Sources */ = {isa = PBXBuildFile; fileRef = 9B7D1A702C8F4A9A8B2D0101 /* CoreAudioProcessTapTester.swift */; };
		9B7D1A732C8F4A9A8B2D0101 /* MockProcessTapTester.swift in Sources */ = {isa = PBXBuildFile; fileRef = 9B7D1A722C8F4A9A8B2D0101 /* MockProcessTapTester.swift */; };
		9B7D1A752C8F4A9A8B2D0101 /* ProcessTapTestView.swift in Sources */ = {isa = PBXBuildFile; fileRef = 9B7D1A742C8F4A9A8B2D0101 /* ProcessTapTestView.swift */; };
		9B7D1A782C8F4A9A8B2D0101 /* ProcessTapReplayResult.swift in Sources */ = {isa = PBXBuildFile; fileRef = 9B7D1A772C8F4A9A8B2D0101 /* ProcessTapReplayResult.swift */; };
		9B7D1A7A2C8F4A9A8B2D0101 /* ProcessTapReplayProbing.swift in Sources */ = {isa = PBXBuildFile; fileRef = 9B7D1A792C8F4A9A8B2D0101 /* ProcessTapReplayProbing.swift */; };
		9B7D1A7C2C8F4A9A8B2D0101 /* CoreAudioProcessTapReplayProbe.swift in Sources */ = {isa = PBXBuildFile; fileRef = 9B7D1A7B2C8F4A9A8B2D0101 /* CoreAudioProcessTapReplayProbe.swift */; };
		9B7D1A7E2C8F4A9A8B2D0101 /* ProcessTapLiveDiagnostics.swift in Sources */ = {isa = PBXBuildFile; fileRef = 9B7D1A7D2C8F4A9A8B2D0101 /* ProcessTapLiveDiagnostics.swift */; };
		9B7D1A802C8F4A9A8B2D0101 /* ProcessTapLiveState.swift in Sources */ = {isa = PBXBuildFile; fileRef = 9B7D1A7F2C8F4A9A8B2D0101 /* ProcessTapLiveState.swift */; };
		9B7D1A822C8F4A9A8B2D0101 /* ProcessTapLiveControlling.swift in Sources */ = {isa = PBXBuildFile; fileRef = 9B7D1A812C8F4A9A8B2D0101 /* ProcessTapLiveControlling.swift */; };
		9B7D1A842C8F4A9A8B2D0101 /* CoreAudioProcessTapLiveController.swift in Sources */ = {isa = PBXBuildFile; fileRef = 9B7D1A832C8F4A9A8B2D0101 /* CoreAudioProcessTapLiveController.swift */; };
		9B7D1A862C8F4A9A8B2D0101 /* ProcessTapLifecycle.swift in Sources */ = {isa = PBXBuildFile; fileRef = 9B7D1A852C8F4A9A8B2D0101 /* ProcessTapLifecycle.swift */; };
		9B7D1A882C8F4A9A8B2D0101 /* ProcessTapLiveSessionState.swift in Sources */ = {isa = PBXBuildFile; fileRef = 9B7D1A872C8F4A9A8B2D0101 /* ProcessTapLiveSessionState.swift */; };
		9B7D1A8A2C8F4A9A8B2D0101 /* ProcessTapLiveSessionManager.swift in Sources */ = {isa = PBXBuildFile; fileRef = 9B7D1A892C8F4A9A8B2D0101 /* ProcessTapLiveSessionManager.swift */; };
		9B7D1A8C2C8F4A9A8B2D0101 /* ProcessTapTwoAppReadinessTesting.swift in Sources */ = {isa = PBXBuildFile; fileRef = 9B7D1A8B2C8F4A9A8B2D0101 /* ProcessTapTwoAppReadinessTesting.swift */; };
		9B7D1AA62C8F4A9A8B2D0101 /* ProcessTapDiagnosticsAccumulator.swift in Sources */ = {isa = PBXBuildFile; fileRef = 9B7D1AA72C8F4A9A8B2D0101 /* ProcessTapDiagnosticsAccumulator.swift */; };
		9B7D1A8E2C8F4A9A8B2D0101 /* TwoAppReadinessTestView.swift in Sources */ = {isa = PBXBuildFile; fileRef = 9B7D1A8D2C8F4A9A8B2D0101 /* TwoAppReadinessTestView.swift */; };
		9B7D1A902C8F4A9A8B2D0101 /* CoreAudioHelpers.swift in Sources */ = {isa = PBXBuildFile; fileRef = 9B7D1A8F2C8F4A9A8B2D0101 /* CoreAudioHelpers.swift */; };
		9B7D1A922C8F4A9A8B2D0101 /* Comparable+Clamped.swift in Sources */ = {isa = PBXBuildFile; fileRef = 9B7D1A912C8F4A9A8B2D0101 /* Comparable+Clamped.swift */; };
		9B7D1A942C8F4A9A8B2D0101 /* ProcessListing.swift in Sources */ = {isa = PBXBuildFile; fileRef = 9B7D1A952C8F4A9A8B2D0101 /* ProcessListing.swift */; };
		9B7D1A962C8F4A9A8B2D0101 /* SystemProcessLister.swift in Sources */ = {isa = PBXBuildFile; fileRef = 9B7D1A972C8F4A9A8B2D0101 /* SystemProcessLister.swift */; };
		9B7D1A982C8F4A9A8B2D0101 /* HelperProcessDiscoveryView.swift in Sources */ = {isa = PBXBuildFile; fileRef = 9B7D1A992C8F4A9A8B2D0101 /* HelperProcessDiscoveryView.swift */; };
		9B7D1A9B2C8F4A9A8B2D0101 /* ProcessTapCandidateAudioProbing.swift in Sources */ = {isa = PBXBuildFile; fileRef = 9B7D1A9C2C8F4A9A8B2D0101 /* ProcessTapCandidateAudioProbing.swift */; };
		9B7D1AA02C8F4A9A8B2D0101 /* HelperProcessCandidateDiscovery.swift in Sources */ = {isa = PBXBuildFile; fileRef = 9B7D1AA12C8F4A9A8B2D0101 /* HelperProcessCandidateDiscovery.swift */; };
		9B7D1AA22C8F4A9A8B2D0101 /* AppAudioTargetResolving.swift in Sources */ = {isa = PBXBuildFile; fileRef = 9B7D1AA32C8F4A9A8B2D0101 /* AppAudioTargetResolving.swift */; };
		9B7D1AA42C8F4A9A8B2D0101 /* AppLogger.swift in Sources */ = {isa = PBXBuildFile; fileRef = 9B7D1AA52C8F4A9A8B2D0101 /* AppLogger.swift */; };
		9B7D1AC12C8F4A9A8B2D0101 /* ProcessTapOutputBufferCopier.swift in Sources */ = {isa = PBXBuildFile; fileRef = 9B7D1AC22C8F4A9A8B2D0101 /* ProcessTapOutputBufferCopier.swift */; };
		9B7D1AB02C8F4A9A8B2D0101 /* ComparableClampedTests.swift in Sources */ = {isa = PBXBuildFile; fileRef = 9B7D1AB32C8F4A9A8B2D0101 /* ComparableClampedTests.swift */; };
		9B7D1AB12C8F4A9A8B2D0101 /* ProcessTapReplayGainOptionTests.swift in Sources */ = {isa = PBXBuildFile; fileRef = 9B7D1AB42C8F4A9A8B2D0101 /* ProcessTapReplayGainOptionTests.swift */; };
		9B7D1AB22C8F4A9A8B2D0101 /* ProcessTapDiagnosticsAccumulatorTests.swift in Sources */ = {isa = PBXBuildFile; fileRef = 9B7D1AB52C8F4A9A8B2D0101 /* ProcessTapDiagnosticsAccumulatorTests.swift */; };
		9B7D1AC32C8F4A9A8B2D0101 /* ProcessTapOutputBufferCopierTests.swift in Sources */ = {isa = PBXBuildFile; fileRef = 9B7D1AC42C8F4A9A8B2D0101 /* ProcessTapOutputBufferCopierTests.swift */; };
		9B7D1AD12C8F4A9A8B2D0101 /* HelperProcessCandidateDiscoveryTests.swift in Sources */ = {isa = PBXBuildFile; fileRef = 9B7D1AD02C8F4A9A8B2D0101 /* HelperProcessCandidateDiscoveryTests.swift */; };
		9B7D1AD32C8F4A9A8B2D0101 /* HelperAudioTargetResolverTests.swift in Sources */ = {isa = PBXBuildFile; fileRef = 9B7D1AD22C8F4A9A8B2D0101 /* HelperAudioTargetResolverTests.swift */; };
		9B7D1AD52C8F4A9A8B2D0101 /* ProcessTapPermissionMessageTests.swift in Sources */ = {isa = PBXBuildFile; fileRef = 9B7D1AD42C8F4A9A8B2D0101 /* ProcessTapPermissionMessageTests.swift */; };
		9B7D1AD72C8F4A9A8B2D0101 /* ProcessTapLiveSessionManagerTests.swift in Sources */ = {isa = PBXBuildFile; fileRef = 9B7D1AD62C8F4A9A8B2D0101 /* ProcessTapLiveSessionManagerTests.swift */; };
		9B7D1ADD2C8F4A9A8B2D0101 /* AdvancedHelperDiscoveryCoordinatorTests.swift in Sources */ = {isa = PBXBuildFile; fileRef = 9B7D1ADC2C8F4A9A8B2D0101 /* AdvancedHelperDiscoveryCoordinatorTests.swift */; };
		9B7D1AE02C8F4A9A8B2D0101 /* SystemOutputCoordinatorTests.swift in Sources */ = {isa = PBXBuildFile; fileRef = 9B7D1AE12C8F4A9A8B2D0101 /* SystemOutputCoordinatorTests.swift */; };
		9B7D1B032C8F4A9A8B2D0101 /* RealControlBannerPresenterTests.swift in Sources */ = {isa = PBXBuildFile; fileRef = 9B7D1B042C8F4A9A8B2D0101 /* RealControlBannerPresenterTests.swift */; };
		9B7D1B072C8F4A9A8B2D0101 /* MixerVisibleAppsFilterTests.swift in Sources */ = {isa = PBXBuildFile; fileRef = 9B7D1B082C8F4A9A8B2D0101 /* MixerVisibleAppsFilterTests.swift */; };
		9B7D1B0B2C8F4A9A8B2D0101 /* MixerStatusMessageControllerTests.swift in Sources */ = {isa = PBXBuildFile; fileRef = 9B7D1B0C2C8F4A9A8B2D0101 /* MixerStatusMessageControllerTests.swift */; };
		9B7D1B112C8F4A9A8B2D0101 /* ProductRealControlCoordinatorTests.swift in Sources */ = {isa = PBXBuildFile; fileRef = 9B7D1B122C8F4A9A8B2D0101 /* ProductRealControlCoordinatorTests.swift */; };
		9B7D1AE42C8F4A9A8B2D0101 /* AdvancedProcessTapDiagnosticsCoordinatorTests.swift in Sources */ = {isa = PBXBuildFile; fileRef = 9B7D1AE52C8F4A9A8B2D0101 /* AdvancedProcessTapDiagnosticsCoordinatorTests.swift */; };
		9B7D1AE62C8F4A9A8B2D0101 /* MixerViewModelLiveControlTests.swift in Sources */ = {isa = PBXBuildFile; fileRef = 9B7D1AE72C8F4A9A8B2D0101 /* MixerViewModelLiveControlTests.swift */; };
		9B7D1AEA2C8F4A9A8B2D0101 /* AdvancedLiveControlCoordinatorTests.swift in Sources */ = {isa = PBXBuildFile; fileRef = 9B7D1AEB2C8F4A9A8B2D0101 /* AdvancedLiveControlCoordinatorTests.swift */; };
		9B7D1AEC2C8F4A9A8B2D0101 /* MixerViewModelTwoAppReadinessTests.swift in Sources */ = {isa = PBXBuildFile; fileRef = 9B7D1AED2C8F4A9A8B2D0101 /* MixerViewModelTwoAppReadinessTests.swift */; };
		9B7D1AEE2C8F4A9A8B2D0101 /* TwoAppReadinessState.swift in Sources */ = {isa = PBXBuildFile; fileRef = 9B7D1AEF2C8F4A9A8B2D0101 /* TwoAppReadinessState.swift */; };
		9B7D1AF22C8F4A9A8B2D0101 /* TwoAppReadinessCoordinatorTests.swift in Sources */ = {isa = PBXBuildFile; fileRef = 9B7D1AF32C8F4A9A8B2D0101 /* TwoAppReadinessCoordinatorTests.swift */; };
		9B7D1AF52C8F4A9A8B2D0101 /* ProductRealControlState.swift in Sources */ = {isa = PBXBuildFile; fileRef = 9B7D1AF42C8F4A9A8B2D0101 /* ProductRealControlState.swift */; };
		9B7D1AF72C8F4A9A8B2D0101 /* ProductRealControlStateTests.swift in Sources */ = {isa = PBXBuildFile; fileRef = 9B7D1AF62C8F4A9A8B2D0101 /* ProductRealControlStateTests.swift */; };
/* End PBXBuildFile section */

/* Begin PBXContainerItemProxy section */
		9B7D1ABC2C8F4A9A8B2D0101 /* PBXContainerItemProxy */ = {
			isa = PBXContainerItemProxy;
			containerPortal = 9B7D1A1C2C8F4A9A8B2D0101 /* Project object */;
			proxyType = 1;
			remoteGlobalIDString = 9B7D1A232C8F4A9A8B2D0101;
			remoteInfo = MacMiniMixer;
		};
/* End PBXContainerItemProxy section */

/* Begin PBXFileReference section */
		9B7D1A242C8F4A9A8B2D0101 /* MacMiniMixer.app */ = {isa = PBXFileReference; explicitFileType = wrapper.application; includeInIndex = 0; path = MacMiniMixer.app; sourceTree = BUILT_PRODUCTS_DIR; };
		9B7D1A2D2C8F4A9A8B2D0101 /* MacMiniMixerApp.swift */ = {isa = PBXFileReference; lastKnownFileType = sourcecode.swift; path = MacMiniMixerApp.swift; sourceTree = "<group>"; };
		9B7D1A2F2C8F4A9A8B2D0101 /* MenuBarRootView.swift */ = {isa = PBXFileReference; lastKnownFileType = sourcecode.swift; path = MenuBarRootView.swift; sourceTree = "<group>"; };
		9B7D1A312C8F4A9A8B2D0101 /* MixerPanelView.swift */ = {isa = PBXFileReference; lastKnownFileType = sourcecode.swift; path = MixerPanelView.swift; sourceTree = "<group>"; };
		9B7D1A332C8F4A9A8B2D0101 /* MixerViewModel.swift */ = {isa = PBXFileReference; lastKnownFileType = sourcecode.swift; path = MixerViewModel.swift; sourceTree = "<group>"; };
		9B7D1AD82C8F4A9A8B2D0101 /* AdvancedHelperDiscoveryState.swift */ = {isa = PBXFileReference; lastKnownFileType = sourcecode.swift; path = AdvancedHelperDiscoveryState.swift; sourceTree = "<group>"; };
		9B7D1ADA2C8F4A9A8B2D0101 /* AdvancedHelperDiscoveryCoordinator.swift */ = {isa = PBXFileReference; lastKnownFileType = sourcecode.swift; path = AdvancedHelperDiscoveryCoordinator.swift; sourceTree = "<group>"; };
		9B7D1ADF2C8F4A9A8B2D0101 /* SystemOutputCoordinator.swift */ = {isa = PBXFileReference; lastKnownFileType = sourcecode.swift; path = SystemOutputCoordinator.swift; sourceTree = "<group>"; };
		9B7D1B022C8F4A9A8B2D0101 /* RealControlBannerPresenter.swift */ = {isa = PBXFileReference; lastKnownFileType = sourcecode.swift; path = RealControlBannerPresenter.swift; sourceTree = "<group>"; };
		9B7D1B062C8F4A9A8B2D0101 /* MixerVisibleAppsFilter.swift */ = {isa = PBXFileReference; lastKnownFileType = sourcecode.swift; path = MixerVisibleAppsFilter.swift; sourceTree = "<group>"; };
		9B7D1B0A2C8F4A9A8B2D0101 /* MixerStatusMessageController.swift */ = {isa = PBXFileReference; lastKnownFileType = sourcecode.swift; path = MixerStatusMessageController.swift; sourceTree = "<group>"; };
		9B7D1B0E2C8F4A9A8B2D0101 /* ProductRealControlSideEffects.swift */ = {isa = PBXFileReference; lastKnownFileType = sourcecode.swift; path = ProductRealControlSideEffects.swift; sourceTree = "<group>"; };
		9B7D1B102C8F4A9A8B2D0101 /* ProductRealControlCoordinator.swift */ = {isa = PBXFileReference; lastKnownFileType = sourcecode.swift; path = ProductRealControlCoordinator.swift; sourceTree = "<group>"; };
		9B7D1AE32C8F4A9A8B2D0101 /* AdvancedProcessTapDiagnosticsCoordinator.swift */ = {isa = PBXFileReference; lastKnownFileType = sourcecode.swift; path = AdvancedProcessTapDiagnosticsCoordinator.swift; sourceTree = "<group>"; };
		9B7D1AE92C8F4A9A8B2D0101 /* AdvancedLiveControlCoordinator.swift */ = {isa = PBXFileReference; lastKnownFileType = sourcecode.swift; path = AdvancedLiveControlCoordinator.swift; sourceTree = "<group>"; };
		9B7D1AF12C8F4A9A8B2D0101 /* TwoAppReadinessCoordinator.swift */ = {isa = PBXFileReference; lastKnownFileType = sourcecode.swift; path = TwoAppReadinessCoordinator.swift; sourceTree = "<group>"; };
		9B7D1A352C8F4A9A8B2D0101 /* MixerAppRowView.swift */ = {isa = PBXFileReference; lastKnownFileType = sourcecode.swift; path = MixerAppRowView.swift; sourceTree = "<group>"; };
		9B7D1A372C8F4A9A8B2D0101 /* MixerAppItem.swift */ = {isa = PBXFileReference; lastKnownFileType = sourcecode.swift; path = MixerAppItem.swift; sourceTree = "<group>"; };
		9B7D1A392C8F4A9A8B2D0101 /* AudioControlling.swift */ = {isa = PBXFileReference; lastKnownFileType = sourcecode.swift; path = AudioControlling.swift; sourceTree = "<group>"; };
		9B7D1A3B2C8F4A9A8B2D0101 /* MockAudioController.swift */ = {isa = PBXFileReference; lastKnownFileType = sourcecode.swift; path = MockAudioController.swift; sourceTree = "<group>"; };
		9B7D1A3D2C8F4A9A8B2D0101 /* ApplicationListing.swift */ = {isa = PBXFileReference; lastKnownFileType = sourcecode.swift; path = ApplicationListing.swift; sourceTree = "<group>"; };
		9B7D1A3F2C8F4A9A8B2D0101 /* MockApplicationLister.swift */ = {isa = PBXFileReference; lastKnownFileType = sourcecode.swift; path = MockApplicationLister.swift; sourceTree = "<group>"; };
		9B7D1A412C8F4A9A8B2D0101 /* AppConstants.swift */ = {isa = PBXFileReference; lastKnownFileType = sourcecode.swift; path = AppConstants.swift; sourceTree = "<group>"; };
		9B7D1A4B2C8F4A9A8B2D0101 /* OutputDeviceItem.swift */ = {isa = PBXFileReference; lastKnownFileType = sourcecode.swift; path = OutputDeviceItem.swift; sourceTree = "<group>"; };
		9B7D1A4D2C8F4A9A8B2D0101 /* OutputDeviceSelectorView.swift */ = {isa = PBXFileReference; lastKnownFileType = sourcecode.swift; path = OutputDeviceSelectorView.swift; sourceTree = "<group>"; };
		9B7D1A4F2C8F4A9A8B2D0101 /* WorkspaceApplicationLister.swift */ = {isa = PBXFileReference; lastKnownFileType = sourcecode.swift; path = WorkspaceApplicationLister.swift; sourceTree = "<group>"; };
		9B7D1A512C8F4A9A8B2D0101 /* OutputDeviceListing.swift */ = {isa = PBXFileReference; lastKnownFileType = sourcecode.swift; path = OutputDeviceListing.swift; sourceTree = "<group>"; };
		9B7D1A532C8F4A9A8B2D0101 /* CoreAudioOutputDeviceLister.swift */ = {isa = PBXFileReference; lastKnownFileType = sourcecode.swift; path = CoreAudioOutputDeviceLister.swift; sourceTree = "<group>"; };
		9B7D1A552C8F4A9A8B2D0101 /* MockOutputDeviceLister.swift */ = {isa = PBXFileReference; lastKnownFileType = sourcecode.swift; path = MockOutputDeviceLister.swift; sourceTree = "<group>"; };
		9B7D1A572C8F4A9A8B2D0101 /* SystemVolumeReading.swift */ = {isa = PBXFileReference; lastKnownFileType = sourcecode.swift; path = SystemVolumeReading.swift; sourceTree = "<group>"; };
		9B7D1A592C8F4A9A8B2D0101 /* CoreAudioSystemVolumeReader.swift */ = {isa = PBXFileReference; lastKnownFileType = sourcecode.swift; path = CoreAudioSystemVolumeReader.swift; sourceTree = "<group>"; };
		9B7D1A5B2C8F4A9A8B2D0101 /* MockSystemVolumeReader.swift */ = {isa = PBXFileReference; lastKnownFileType = sourcecode.swift; path = MockSystemVolumeReader.swift; sourceTree = "<group>"; };
		9B7D1A5D2C8F4A9A8B2D0101 /* SystemVolumeControlling.swift */ = {isa = PBXFileReference; lastKnownFileType = sourcecode.swift; path = SystemVolumeControlling.swift; sourceTree = "<group>"; };
		9B7D1A5F2C8F4A9A8B2D0101 /* CoreAudioSystemVolumeController.swift */ = {isa = PBXFileReference; lastKnownFileType = sourcecode.swift; path = CoreAudioSystemVolumeController.swift; sourceTree = "<group>"; };
		9B7D1A612C8F4A9A8B2D0101 /* MockSystemVolumeController.swift */ = {isa = PBXFileReference; lastKnownFileType = sourcecode.swift; path = MockSystemVolumeController.swift; sourceTree = "<group>"; };
		9B7D1A632C8F4A9A8B2D0101 /* OutputDeviceControlling.swift */ = {isa = PBXFileReference; lastKnownFileType = sourcecode.swift; path = OutputDeviceControlling.swift; sourceTree = "<group>"; };
		9B7D1A652C8F4A9A8B2D0101 /* CoreAudioOutputDeviceController.swift */ = {isa = PBXFileReference; lastKnownFileType = sourcecode.swift; path = CoreAudioOutputDeviceController.swift; sourceTree = "<group>"; };
		9B7D1A672C8F4A9A8B2D0101 /* MockOutputDeviceController.swift */ = {isa = PBXFileReference; lastKnownFileType = sourcecode.swift; path = MockOutputDeviceController.swift; sourceTree = "<group>"; };
		9B7D1A692C8F4A9A8B2D0101 /* MixerStatusMessage.swift */ = {isa = PBXFileReference; lastKnownFileType = sourcecode.swift; path = MixerStatusMessage.swift; sourceTree = "<group>"; };
		9B7D1A6C2C8F4A9A8B2D0101 /* ProcessTapTestResult.swift */ = {isa = PBXFileReference; lastKnownFileType = sourcecode.swift; path = ProcessTapTestResult.swift; sourceTree = "<group>"; };
		9B7D1A6E2C8F4A9A8B2D0101 /* ProcessTapTesting.swift */ = {isa = PBXFileReference; lastKnownFileType = sourcecode.swift; path = ProcessTapTesting.swift; sourceTree = "<group>"; };
		9B7D1A702C8F4A9A8B2D0101 /* CoreAudioProcessTapTester.swift */ = {isa = PBXFileReference; lastKnownFileType = sourcecode.swift; path = CoreAudioProcessTapTester.swift; sourceTree = "<group>"; };
		9B7D1A722C8F4A9A8B2D0101 /* MockProcessTapTester.swift */ = {isa = PBXFileReference; lastKnownFileType = sourcecode.swift; path = MockProcessTapTester.swift; sourceTree = "<group>"; };
		9B7D1A742C8F4A9A8B2D0101 /* ProcessTapTestView.swift */ = {isa = PBXFileReference; lastKnownFileType = sourcecode.swift; path = ProcessTapTestView.swift; sourceTree = "<group>"; };
		9B7D1A762C8F4A9A8B2D0101 /* Info.plist */ = {isa = PBXFileReference; lastKnownFileType = text.plist.xml; path = Info.plist; sourceTree = "<group>"; };
		9B7D1A772C8F4A9A8B2D0101 /* ProcessTapReplayResult.swift */ = {isa = PBXFileReference; lastKnownFileType = sourcecode.swift; path = ProcessTapReplayResult.swift; sourceTree = "<group>"; };
		9B7D1A792C8F4A9A8B2D0101 /* ProcessTapReplayProbing.swift */ = {isa = PBXFileReference; lastKnownFileType = sourcecode.swift; path = ProcessTapReplayProbing.swift; sourceTree = "<group>"; };
		9B7D1A7B2C8F4A9A8B2D0101 /* CoreAudioProcessTapReplayProbe.swift */ = {isa = PBXFileReference; lastKnownFileType = sourcecode.swift; path = CoreAudioProcessTapReplayProbe.swift; sourceTree = "<group>"; };
		9B7D1A7D2C8F4A9A8B2D0101 /* ProcessTapLiveDiagnostics.swift */ = {isa = PBXFileReference; lastKnownFileType = sourcecode.swift; path = ProcessTapLiveDiagnostics.swift; sourceTree = "<group>"; };
		9B7D1A7F2C8F4A9A8B2D0101 /* ProcessTapLiveState.swift */ = {isa = PBXFileReference; lastKnownFileType = sourcecode.swift; path = ProcessTapLiveState.swift; sourceTree = "<group>"; };
		9B7D1A812C8F4A9A8B2D0101 /* ProcessTapLiveControlling.swift */ = {isa = PBXFileReference; lastKnownFileType = sourcecode.swift; path = ProcessTapLiveControlling.swift; sourceTree = "<group>"; };
		9B7D1A832C8F4A9A8B2D0101 /* CoreAudioProcessTapLiveController.swift */ = {isa = PBXFileReference; lastKnownFileType = sourcecode.swift; path = CoreAudioProcessTapLiveController.swift; sourceTree = "<group>"; };
		9B7D1A852C8F4A9A8B2D0101 /* ProcessTapLifecycle.swift */ = {isa = PBXFileReference; lastKnownFileType = sourcecode.swift; path = ProcessTapLifecycle.swift; sourceTree = "<group>"; };
		9B7D1A872C8F4A9A8B2D0101 /* ProcessTapLiveSessionState.swift */ = {isa = PBXFileReference; lastKnownFileType = sourcecode.swift; path = ProcessTapLiveSessionState.swift; sourceTree = "<group>"; };
		9B7D1A892C8F4A9A8B2D0101 /* ProcessTapLiveSessionManager.swift */ = {isa = PBXFileReference; lastKnownFileType = sourcecode.swift; path = ProcessTapLiveSessionManager.swift; sourceTree = "<group>"; };
		9B7D1A8B2C8F4A9A8B2D0101 /* ProcessTapTwoAppReadinessTesting.swift */ = {isa = PBXFileReference; lastKnownFileType = sourcecode.swift; path = ProcessTapTwoAppReadinessTesting.swift; sourceTree = "<group>"; };
		9B7D1AA72C8F4A9A8B2D0101 /* ProcessTapDiagnosticsAccumulator.swift */ = {isa = PBXFileReference; lastKnownFileType = sourcecode.swift; path = ProcessTapDiagnosticsAccumulator.swift; sourceTree = "<group>"; };
		9B7D1A8D2C8F4A9A8B2D0101 /* TwoAppReadinessTestView.swift */ = {isa = PBXFileReference; lastKnownFileType = sourcecode.swift; path = TwoAppReadinessTestView.swift; sourceTree = "<group>"; };
		9B7D1A8F2C8F4A9A8B2D0101 /* CoreAudioHelpers.swift */ = {isa = PBXFileReference; lastKnownFileType = sourcecode.swift; path = CoreAudioHelpers.swift; sourceTree = "<group>"; };
		9B7D1A912C8F4A9A8B2D0101 /* Comparable+Clamped.swift */ = {isa = PBXFileReference; lastKnownFileType = sourcecode.swift; path = "Comparable+Clamped.swift"; sourceTree = "<group>"; };
		9B7D1A952C8F4A9A8B2D0101 /* ProcessListing.swift */ = {isa = PBXFileReference; lastKnownFileType = sourcecode.swift; path = ProcessListing.swift; sourceTree = "<group>"; };
		9B7D1A972C8F4A9A8B2D0101 /* SystemProcessLister.swift */ = {isa = PBXFileReference; lastKnownFileType = sourcecode.swift; path = SystemProcessLister.swift; sourceTree = "<group>"; };
		9B7D1A992C8F4A9A8B2D0101 /* HelperProcessDiscoveryView.swift */ = {isa = PBXFileReference; lastKnownFileType = sourcecode.swift; path = HelperProcessDiscoveryView.swift; sourceTree = "<group>"; };
		9B7D1A9C2C8F4A9A8B2D0101 /* ProcessTapCandidateAudioProbing.swift */ = {isa = PBXFileReference; lastKnownFileType = sourcecode.swift; path = ProcessTapCandidateAudioProbing.swift; sourceTree = "<group>"; };
		9B7D1AA12C8F4A9A8B2D0101 /* HelperProcessCandidateDiscovery.swift */ = {isa = PBXFileReference; lastKnownFileType = sourcecode.swift; path = HelperProcessCandidateDiscovery.swift; sourceTree = "<group>"; };
		9B7D1AA32C8F4A9A8B2D0101 /* AppAudioTargetResolving.swift */ = {isa = PBXFileReference; lastKnownFileType = sourcecode.swift; path = AppAudioTargetResolving.swift; sourceTree = "<group>"; };
		9B7D1AA52C8F4A9A8B2D0101 /* AppLogger.swift */ = {isa = PBXFileReference; lastKnownFileType = sourcecode.swift; path = AppLogger.swift; sourceTree = "<group>"; };
		9B7D1AC22C8F4A9A8B2D0101 /* ProcessTapOutputBufferCopier.swift */ = {isa = PBXFileReference; lastKnownFileType = sourcecode.swift; path = ProcessTapOutputBufferCopier.swift; sourceTree = "<group>"; };
		9B7D1AB32C8F4A9A8B2D0101 /* ComparableClampedTests.swift */ = {isa = PBXFileReference; lastKnownFileType = sourcecode.swift; path = ComparableClampedTests.swift; sourceTree = "<group>"; };
		9B7D1AB42C8F4A9A8B2D0101 /* ProcessTapReplayGainOptionTests.swift */ = {isa = PBXFileReference; lastKnownFileType = sourcecode.swift; path = ProcessTapReplayGainOptionTests.swift; sourceTree = "<group>"; };
		9B7D1AB52C8F4A9A8B2D0101 /* ProcessTapDiagnosticsAccumulatorTests.swift */ = {isa = PBXFileReference; lastKnownFileType = sourcecode.swift; path = ProcessTapDiagnosticsAccumulatorTests.swift; sourceTree = "<group>"; };
		9B7D1AC42C8F4A9A8B2D0101 /* ProcessTapOutputBufferCopierTests.swift */ = {isa = PBXFileReference; lastKnownFileType = sourcecode.swift; path = ProcessTapOutputBufferCopierTests.swift; sourceTree = "<group>"; };
		9B7D1AD02C8F4A9A8B2D0101 /* HelperProcessCandidateDiscoveryTests.swift */ = {isa = PBXFileReference; lastKnownFileType = sourcecode.swift; path = HelperProcessCandidateDiscoveryTests.swift; sourceTree = "<group>"; };
		9B7D1AD22C8F4A9A8B2D0101 /* HelperAudioTargetResolverTests.swift */ = {isa = PBXFileReference; lastKnownFileType = sourcecode.swift; path = HelperAudioTargetResolverTests.swift; sourceTree = "<group>"; };
		9B7D1AD42C8F4A9A8B2D0101 /* ProcessTapPermissionMessageTests.swift */ = {isa = PBXFileReference; lastKnownFileType = sourcecode.swift; path = ProcessTapPermissionMessageTests.swift; sourceTree = "<group>"; };
		9B7D1AD62C8F4A9A8B2D0101 /* ProcessTapLiveSessionManagerTests.swift */ = {isa = PBXFileReference; lastKnownFileType = sourcecode.swift; path = ProcessTapLiveSessionManagerTests.swift; sourceTree = "<group>"; };
		9B7D1ADC2C8F4A9A8B2D0101 /* AdvancedHelperDiscoveryCoordinatorTests.swift */ = {isa = PBXFileReference; lastKnownFileType = sourcecode.swift; path = AdvancedHelperDiscoveryCoordinatorTests.swift; sourceTree = "<group>"; };
		9B7D1AE12C8F4A9A8B2D0101 /* SystemOutputCoordinatorTests.swift */ = {isa = PBXFileReference; lastKnownFileType = sourcecode.swift; path = SystemOutputCoordinatorTests.swift; sourceTree = "<group>"; };
		9B7D1B042C8F4A9A8B2D0101 /* RealControlBannerPresenterTests.swift */ = {isa = PBXFileReference; lastKnownFileType = sourcecode.swift; path = RealControlBannerPresenterTests.swift; sourceTree = "<group>"; };
		9B7D1B082C8F4A9A8B2D0101 /* MixerVisibleAppsFilterTests.swift */ = {isa = PBXFileReference; lastKnownFileType = sourcecode.swift; path = MixerVisibleAppsFilterTests.swift; sourceTree = "<group>"; };
		9B7D1B0C2C8F4A9A8B2D0101 /* MixerStatusMessageControllerTests.swift */ = {isa = PBXFileReference; lastKnownFileType = sourcecode.swift; path = MixerStatusMessageControllerTests.swift; sourceTree = "<group>"; };
		9B7D1B122C8F4A9A8B2D0101 /* ProductRealControlCoordinatorTests.swift */ = {isa = PBXFileReference; lastKnownFileType = sourcecode.swift; path = ProductRealControlCoordinatorTests.swift; sourceTree = "<group>"; };
		9B7D1AE52C8F4A9A8B2D0101 /* AdvancedProcessTapDiagnosticsCoordinatorTests.swift */ = {isa = PBXFileReference; lastKnownFileType = sourcecode.swift; path = AdvancedProcessTapDiagnosticsCoordinatorTests.swift; sourceTree = "<group>"; };
		9B7D1AE72C8F4A9A8B2D0101 /* MixerViewModelLiveControlTests.swift */ = {isa = PBXFileReference; lastKnownFileType = sourcecode.swift; path = MixerViewModelLiveControlTests.swift; sourceTree = "<group>"; };
		9B7D1AEB2C8F4A9A8B2D0101 /* AdvancedLiveControlCoordinatorTests.swift */ = {isa = PBXFileReference; lastKnownFileType = sourcecode.swift; path = AdvancedLiveControlCoordinatorTests.swift; sourceTree = "<group>"; };
		9B7D1AED2C8F4A9A8B2D0101 /* MixerViewModelTwoAppReadinessTests.swift */ = {isa = PBXFileReference; lastKnownFileType = sourcecode.swift; path = MixerViewModelTwoAppReadinessTests.swift; sourceTree = "<group>"; };
		9B7D1AEF2C8F4A9A8B2D0101 /* TwoAppReadinessState.swift */ = {isa = PBXFileReference; lastKnownFileType = sourcecode.swift; path = TwoAppReadinessState.swift; sourceTree = "<group>"; };
		9B7D1AF32C8F4A9A8B2D0101 /* TwoAppReadinessCoordinatorTests.swift */ = {isa = PBXFileReference; lastKnownFileType = sourcecode.swift; path = TwoAppReadinessCoordinatorTests.swift; sourceTree = "<group>"; };
		9B7D1AF42C8F4A9A8B2D0101 /* ProductRealControlState.swift */ = {isa = PBXFileReference; lastKnownFileType = sourcecode.swift; path = ProductRealControlState.swift; sourceTree = "<group>"; };
		9B7D1AF62C8F4A9A8B2D0101 /* ProductRealControlStateTests.swift */ = {isa = PBXFileReference; lastKnownFileType = sourcecode.swift; path = ProductRealControlStateTests.swift; sourceTree = "<group>"; };
		9B7D1AB62C8F4A9A8B2D0101 /* MacMiniMixerTests.xctest */ = {isa = PBXFileReference; explicitFileType = wrapper.cfbundle; includeInIndex = 0; path = MacMiniMixerTests.xctest; sourceTree = BUILT_PRODUCTS_DIR; };
/* End PBXFileReference section */

/* Begin PBXFrameworksBuildPhase section */
		9B7D1A212C8F4A9A8B2D0101 /* Frameworks */ = {
			isa = PBXFrameworksBuildPhase;
			buildActionMask = 2147483647;
			files = (
			);
			runOnlyForDeploymentPostprocessing = 0;
		};
		9B7D1AB82C8F4A9A8B2D0101 /* Frameworks */ = {
			isa = PBXFrameworksBuildPhase;
			buildActionMask = 2147483647;
			files = (
			);
			runOnlyForDeploymentPostprocessing = 0;
		};
/* End PBXFrameworksBuildPhase section */

/* Begin PBXGroup section */
		9B7D1A1B2C8F4A9A8B2D0101 = {
			isa = PBXGroup;
			children = (
				9B7D1A262C8F4A9A8B2D0101 /* MacMiniMixer */,
				9B7D1AB72C8F4A9A8B2D0101 /* MacMiniMixerTests */,
				9B7D1A252C8F4A9A8B2D0101 /* Products */,
			);
			sourceTree = "<group>";
		};
		9B7D1A252C8F4A9A8B2D0101 /* Products */ = {
			isa = PBXGroup;
			children = (
				9B7D1A242C8F4A9A8B2D0101 /* MacMiniMixer.app */,
				9B7D1AB62C8F4A9A8B2D0101 /* MacMiniMixerTests.xctest */,
			);
			name = Products;
			sourceTree = "<group>";
		};
		9B7D1A262C8F4A9A8B2D0101 /* MacMiniMixer */ = {
			isa = PBXGroup;
			children = (
				9B7D1A272C8F4A9A8B2D0101 /* App */,
				9B7D1A282C8F4A9A8B2D0101 /* Features */,
				9B7D1A292C8F4A9A8B2D0101 /* Services */,
				9B7D1A2A2C8F4A9A8B2D0101 /* Support */,
			);
			path = MacMiniMixer;
			sourceTree = "<group>";
		};
		9B7D1A272C8F4A9A8B2D0101 /* App */ = {
			isa = PBXGroup;
			children = (
				9B7D1A2D2C8F4A9A8B2D0101 /* MacMiniMixerApp.swift */,
			);
			path = App;
			sourceTree = "<group>";
		};
		9B7D1A282C8F4A9A8B2D0101 /* Features */ = {
			isa = PBXGroup;
			children = (
				9B7D1A2B2C8F4A9A8B2D0101 /* MenuBar */,
				9B7D1A2C2C8F4A9A8B2D0101 /* Mixer */,
			);
			path = Features;
			sourceTree = "<group>";
		};
		9B7D1A292C8F4A9A8B2D0101 /* Services */ = {
			isa = PBXGroup;
			children = (
				9B7D1A432C8F4A9A8B2D0101 /* Audio */,
				9B7D1A442C8F4A9A8B2D0101 /* Applications */,
				9B7D1A9A2C8F4A9A8B2D0101 /* Processes */,
			);
			path = Services;
			sourceTree = "<group>";
		};
		9B7D1A2A2C8F4A9A8B2D0101 /* Support */ = {
			isa = PBXGroup;
			children = (
				9B7D1A762C8F4A9A8B2D0101 /* Info.plist */,
				9B7D1A412C8F4A9A8B2D0101 /* AppConstants.swift */,
				9B7D1AA52C8F4A9A8B2D0101 /* AppLogger.swift */,
				9B7D1A932C8F4A9A8B2D0101 /* Extensions */,
			);
			path = Support;
			sourceTree = "<group>";
		};
		9B7D1A2B2C8F4A9A8B2D0101 /* MenuBar */ = {
			isa = PBXGroup;
			children = (
				9B7D1A2F2C8F4A9A8B2D0101 /* MenuBarRootView.swift */,
				9B7D1A312C8F4A9A8B2D0101 /* MixerPanelView.swift */,
				9B7D1A4D2C8F4A9A8B2D0101 /* OutputDeviceSelectorView.swift */,
				9B7D1A742C8F4A9A8B2D0101 /* ProcessTapTestView.swift */,
				9B7D1A992C8F4A9A8B2D0101 /* HelperProcessDiscoveryView.swift */,
				9B7D1A8D2C8F4A9A8B2D0101 /* TwoAppReadinessTestView.swift */,
			);
			path = MenuBar;
			sourceTree = "<group>";
		};
		9B7D1A2C2C8F4A9A8B2D0101 /* Mixer */ = {
			isa = PBXGroup;
			children = (
				9B7D1A332C8F4A9A8B2D0101 /* MixerViewModel.swift */,
				9B7D1AD82C8F4A9A8B2D0101 /* AdvancedHelperDiscoveryState.swift */,
				9B7D1AEF2C8F4A9A8B2D0101 /* TwoAppReadinessState.swift */,
				9B7D1AF42C8F4A9A8B2D0101 /* ProductRealControlState.swift */,
				9B7D1ADA2C8F4A9A8B2D0101 /* AdvancedHelperDiscoveryCoordinator.swift */,
				9B7D1ADF2C8F4A9A8B2D0101 /* SystemOutputCoordinator.swift */,
				9B7D1B022C8F4A9A8B2D0101 /* RealControlBannerPresenter.swift */,
				9B7D1B062C8F4A9A8B2D0101 /* MixerVisibleAppsFilter.swift */,
				9B7D1B0A2C8F4A9A8B2D0101 /* MixerStatusMessageController.swift */,
				9B7D1B0E2C8F4A9A8B2D0101 /* ProductRealControlSideEffects.swift */,
				9B7D1B102C8F4A9A8B2D0101 /* ProductRealControlCoordinator.swift */,
				9B7D1AE32C8F4A9A8B2D0101 /* AdvancedProcessTapDiagnosticsCoordinator.swift */,
				9B7D1AE92C8F4A9A8B2D0101 /* AdvancedLiveControlCoordinator.swift */,
				9B7D1AF12C8F4A9A8B2D0101 /* TwoAppReadinessCoordinator.swift */,
				9B7D1A352C8F4A9A8B2D0101 /* MixerAppRowView.swift */,
				9B7D1A372C8F4A9A8B2D0101 /* MixerAppItem.swift */,
				9B7D1A4B2C8F4A9A8B2D0101 /* OutputDeviceItem.swift */,
				9B7D1A692C8F4A9A8B2D0101 /* MixerStatusMessage.swift */,
			);
			path = Mixer;
			sourceTree = "<group>";
		};
		9B7D1A432C8F4A9A8B2D0101 /* Audio */ = {
			isa = PBXGroup;
			children = (
				9B7D1A8F2C8F4A9A8B2D0101 /* CoreAudioHelpers.swift */,
				9B7D1A392C8F4A9A8B2D0101 /* AudioControlling.swift */,
				9B7D1A3B2C8F4A9A8B2D0101 /* MockAudioController.swift */,
				9B7D1A512C8F4A9A8B2D0101 /* OutputDeviceListing.swift */,
				9B7D1A532C8F4A9A8B2D0101 /* CoreAudioOutputDeviceLister.swift */,
				9B7D1A552C8F4A9A8B2D0101 /* MockOutputDeviceLister.swift */,
				9B7D1A632C8F4A9A8B2D0101 /* OutputDeviceControlling.swift */,
				9B7D1A652C8F4A9A8B2D0101 /* CoreAudioOutputDeviceController.swift */,
				9B7D1A672C8F4A9A8B2D0101 /* MockOutputDeviceController.swift */,
				9B7D1A6B2C8F4A9A8B2D0101 /* ProcessTap */,
				9B7D1A572C8F4A9A8B2D0101 /* SystemVolumeReading.swift */,
				9B7D1A592C8F4A9A8B2D0101 /* CoreAudioSystemVolumeReader.swift */,
				9B7D1A5B2C8F4A9A8B2D0101 /* MockSystemVolumeReader.swift */,
				9B7D1A5D2C8F4A9A8B2D0101 /* SystemVolumeControlling.swift */,
				9B7D1A5F2C8F4A9A8B2D0101 /* CoreAudioSystemVolumeController.swift */,
				9B7D1A612C8F4A9A8B2D0101 /* MockSystemVolumeController.swift */,
			);
			path = Audio;
			sourceTree = "<group>";
		};
		9B7D1A6B2C8F4A9A8B2D0101 /* ProcessTap */ = {
			isa = PBXGroup;
			children = (
				9B7D1A6C2C8F4A9A8B2D0101 /* ProcessTapTestResult.swift */,
				9B7D1A852C8F4A9A8B2D0101 /* ProcessTapLifecycle.swift */,
				9B7D1AA72C8F4A9A8B2D0101 /* ProcessTapDiagnosticsAccumulator.swift */,
				9B7D1AC22C8F4A9A8B2D0101 /* ProcessTapOutputBufferCopier.swift */,
				9B7D1A6E2C8F4A9A8B2D0101 /* ProcessTapTesting.swift */,
				9B7D1A702C8F4A9A8B2D0101 /* CoreAudioProcessTapTester.swift */,
				9B7D1A722C8F4A9A8B2D0101 /* MockProcessTapTester.swift */,
				9B7D1A772C8F4A9A8B2D0101 /* ProcessTapReplayResult.swift */,
				9B7D1A792C8F4A9A8B2D0101 /* ProcessTapReplayProbing.swift */,
				9B7D1A7B2C8F4A9A8B2D0101 /* CoreAudioProcessTapReplayProbe.swift */,
				9B7D1A7D2C8F4A9A8B2D0101 /* ProcessTapLiveDiagnostics.swift */,
				9B7D1A7F2C8F4A9A8B2D0101 /* ProcessTapLiveState.swift */,
				9B7D1A872C8F4A9A8B2D0101 /* ProcessTapLiveSessionState.swift */,
				9B7D1A812C8F4A9A8B2D0101 /* ProcessTapLiveControlling.swift */,
				9B7D1A892C8F4A9A8B2D0101 /* ProcessTapLiveSessionManager.swift */,
				9B7D1A832C8F4A9A8B2D0101 /* CoreAudioProcessTapLiveController.swift */,
				9B7D1A8B2C8F4A9A8B2D0101 /* ProcessTapTwoAppReadinessTesting.swift */,
				9B7D1A9C2C8F4A9A8B2D0101 /* ProcessTapCandidateAudioProbing.swift */,
				9B7D1AA12C8F4A9A8B2D0101 /* HelperProcessCandidateDiscovery.swift */,
				9B7D1AA32C8F4A9A8B2D0101 /* AppAudioTargetResolving.swift */,
			);
			path = ProcessTap;
			sourceTree = "<group>";
		};
		9B7D1A932C8F4A9A8B2D0101 /* Extensions */ = {
			isa = PBXGroup;
			children = (
				9B7D1A912C8F4A9A8B2D0101 /* Comparable+Clamped.swift */,
			);
			path = Extensions;
			sourceTree = "<group>";
		};
		9B7D1A442C8F4A9A8B2D0101 /* Applications */ = {
			isa = PBXGroup;
			children = (
				9B7D1A3D2C8F4A9A8B2D0101 /* ApplicationListing.swift */,
				9B7D1A3F2C8F4A9A8B2D0101 /* MockApplicationLister.swift */,
				9B7D1A4F2C8F4A9A8B2D0101 /* WorkspaceApplicationLister.swift */,
			);
			path = Applications;
			sourceTree = "<group>";
		};
		9B7D1A9A2C8F4A9A8B2D0101 /* Processes */ = {
			isa = PBXGroup;
			children = (
				9B7D1A952C8F4A9A8B2D0101 /* ProcessListing.swift */,
				9B7D1A972C8F4A9A8B2D0101 /* SystemProcessLister.swift */,
			);
			path = Processes;
			sourceTree = "<group>";
		};
		9B7D1AB72C8F4A9A8B2D0101 /* MacMiniMixerTests */ = {
			isa = PBXGroup;
			children = (
				9B7D1AB32C8F4A9A8B2D0101 /* ComparableClampedTests.swift */,
				9B7D1AB42C8F4A9A8B2D0101 /* ProcessTapReplayGainOptionTests.swift */,
				9B7D1AB52C8F4A9A8B2D0101 /* ProcessTapDiagnosticsAccumulatorTests.swift */,
				9B7D1AC42C8F4A9A8B2D0101 /* ProcessTapOutputBufferCopierTests.swift */,
				9B7D1AD02C8F4A9A8B2D0101 /* HelperProcessCandidateDiscoveryTests.swift */,
				9B7D1AD22C8F4A9A8B2D0101 /* HelperAudioTargetResolverTests.swift */,
				9B7D1AD42C8F4A9A8B2D0101 /* ProcessTapPermissionMessageTests.swift */,
				9B7D1AD62C8F4A9A8B2D0101 /* ProcessTapLiveSessionManagerTests.swift */,
				9B7D1ADC2C8F4A9A8B2D0101 /* AdvancedHelperDiscoveryCoordinatorTests.swift */,
				9B7D1AE12C8F4A9A8B2D0101 /* SystemOutputCoordinatorTests.swift */,
				9B7D1B042C8F4A9A8B2D0101 /* RealControlBannerPresenterTests.swift */,
				9B7D1B082C8F4A9A8B2D0101 /* MixerVisibleAppsFilterTests.swift */,
				9B7D1B0C2C8F4A9A8B2D0101 /* MixerStatusMessageControllerTests.swift */,
				9B7D1B122C8F4A9A8B2D0101 /* ProductRealControlCoordinatorTests.swift */,
				9B7D1AE52C8F4A9A8B2D0101 /* AdvancedProcessTapDiagnosticsCoordinatorTests.swift */,
				9B7D1AE72C8F4A9A8B2D0101 /* MixerViewModelLiveControlTests.swift */,
				9B7D1AEB2C8F4A9A8B2D0101 /* AdvancedLiveControlCoordinatorTests.swift */,
				9B7D1AED2C8F4A9A8B2D0101 /* MixerViewModelTwoAppReadinessTests.swift */,
				9B7D1AF32C8F4A9A8B2D0101 /* TwoAppReadinessCoordinatorTests.swift */,
				9B7D1AF62C8F4A9A8B2D0101 /* ProductRealControlStateTests.swift */,
			);
			path = MacMiniMixerTests;
			sourceTree = "<group>";
		};
/* End PBXGroup section */

/* Begin PBXNativeTarget section */
		9B7D1A232C8F4A9A8B2D0101 /* MacMiniMixer */ = {
			isa = PBXNativeTarget;
			buildConfigurationList = 9B7D1A462C8F4A9A8B2D0101 /* Build configuration list for PBXNativeTarget "MacMiniMixer" */;
			buildPhases = (
				9B7D1A202C8F4A9A8B2D0101 /* Sources */,
				9B7D1A212C8F4A9A8B2D0101 /* Frameworks */,
				9B7D1A222C8F4A9A8B2D0101 /* Resources */,
			);
			buildRules = (
			);
			dependencies = (
			);
			name = MacMiniMixer;
			productName = MacMiniMixer;
			productReference = 9B7D1A242C8F4A9A8B2D0101 /* MacMiniMixer.app */;
			productType = "com.apple.product-type.application";
		};
		9B7D1ABB2C8F4A9A8B2D0101 /* MacMiniMixerTests */ = {
			isa = PBXNativeTarget;
			buildConfigurationList = 9B7D1AC02C8F4A9A8B2D0101 /* Build configuration list for PBXNativeTarget "MacMiniMixerTests" */;
			buildPhases = (
				9B7D1AB92C8F4A9A8B2D0101 /* Sources */,
				9B7D1AB82C8F4A9A8B2D0101 /* Frameworks */,
				9B7D1ABA2C8F4A9A8B2D0101 /* Resources */,
			);
			buildRules = (
			);
			dependencies = (
				9B7D1ABD2C8F4A9A8B2D0101 /* PBXTargetDependency */,
			);
			name = MacMiniMixerTests;
			productName = MacMiniMixerTests;
			productReference = 9B7D1AB62C8F4A9A8B2D0101 /* MacMiniMixerTests.xctest */;
			productType = "com.apple.product-type.bundle.unit-test";
		};
/* End PBXNativeTarget section */

/* Begin PBXProject section */
		9B7D1A1C2C8F4A9A8B2D0101 /* Project object */ = {
			isa = PBXProject;
			attributes = {
				BuildIndependentTargetsInParallel = 1;
				LastSwiftUpdateCheck = 2630;
				LastUpgradeCheck = 2630;
				TargetAttributes = {
					9B7D1A232C8F4A9A8B2D0101 = {
						CreatedOnToolsVersion = 26.3;
					};
					9B7D1ABB2C8F4A9A8B2D0101 = {
						CreatedOnToolsVersion = 26.3;
						TestTargetID = 9B7D1A232C8F4A9A8B2D0101;
					};
				};
			};
			buildConfigurationList = 9B7D1A1F2C8F4A9A8B2D0101 /* Build configuration list for PBXProject "MacMiniMixer" */;
			compatibilityVersion = "Xcode 14.0";
			developmentRegion = en;
			hasScannedForEncodings = 0;
			knownRegions = (
				en,
				Base,
			);
			mainGroup = 9B7D1A1B2C8F4A9A8B2D0101;
			productRefGroup = 9B7D1A252C8F4A9A8B2D0101 /* Products */;
			projectDirPath = "";
			projectRoot = "";
			targets = (
				9B7D1A232C8F4A9A8B2D0101 /* MacMiniMixer */,
				9B7D1ABB2C8F4A9A8B2D0101 /* MacMiniMixerTests */,
			);
		};
/* End PBXProject section */

/* Begin PBXResourcesBuildPhase section */
		9B7D1A222C8F4A9A8B2D0101 /* Resources */ = {
			isa = PBXResourcesBuildPhase;
			buildActionMask = 2147483647;
			files = (
			);
			runOnlyForDeploymentPostprocessing = 0;
		};
		9B7D1ABA2C8F4A9A8B2D0101 /* Resources */ = {
			isa = PBXResourcesBuildPhase;
			buildActionMask = 2147483647;
			files = (
			);
			runOnlyForDeploymentPostprocessing = 0;
		};
/* End PBXResourcesBuildPhase section */

/* Begin PBXSourcesBuildPhase section */
		9B7D1A202C8F4A9A8B2D0101 /* Sources */ = {
			isa = PBXSourcesBuildPhase;
			buildActionMask = 2147483647;
			files = (
				9B7D1A2E2C8F4A9A8B2D0101 /* MacMiniMixerApp.swift in Sources */,
				9B7D1A302C8F4A9A8B2D0101 /* MenuBarRootView.swift in Sources */,
				9B7D1A322C8F4A9A8B2D0101 /* MixerPanelView.swift in Sources */,
				9B7D1A342C8F4A9A8B2D0101 /* MixerViewModel.swift in Sources */,
				9B7D1AD92C8F4A9A8B2D0101 /* AdvancedHelperDiscoveryState.swift in Sources */,
				9B7D1AF52C8F4A9A8B2D0101 /* ProductRealControlState.swift in Sources */,
				9B7D1ADB2C8F4A9A8B2D0101 /* AdvancedHelperDiscoveryCoordinator.swift in Sources */,
				9B7D1ADE2C8F4A9A8B2D0101 /* SystemOutputCoordinator.swift in Sources */,
				9B7D1B012C8F4A9A8B2D0101 /* RealControlBannerPresenter.swift in Sources */,
				9B7D1B052C8F4A9A8B2D0101 /* MixerVisibleAppsFilter.swift in Sources */,
				9B7D1B092C8F4A9A8B2D0101 /* MixerStatusMessageController.swift in Sources */,
				9B7D1B0D2C8F4A9A8B2D0101 /* ProductRealControlSideEffects.swift in Sources */,
				9B7D1B0F2C8F4A9A8B2D0101 /* ProductRealControlCoordinator.swift in Sources */,
				9B7D1AE22C8F4A9A8B2D0101 /* AdvancedProcessTapDiagnosticsCoordinator.swift in Sources */,
				9B7D1AE82C8F4A9A8B2D0101 /* AdvancedLiveControlCoordinator.swift in Sources */,
				9B7D1AF02C8F4A9A8B2D0101 /* TwoAppReadinessCoordinator.swift in Sources */,
				9B7D1A362C8F4A9A8B2D0101 /* MixerAppRowView.swift in Sources */,
				9B7D1A382C8F4A9A8B2D0101 /* MixerAppItem.swift in Sources */,
				9B7D1A3A2C8F4A9A8B2D0101 /* AudioControlling.swift in Sources */,
				9B7D1A3C2C8F4A9A8B2D0101 /* MockAudioController.swift in Sources */,
				9B7D1A3E2C8F4A9A8B2D0101 /* ApplicationListing.swift in Sources */,
				9B7D1A402C8F4A9A8B2D0101 /* MockApplicationLister.swift in Sources */,
				9B7D1A422C8F4A9A8B2D0101 /* AppConstants.swift in Sources */,
				9B7D1A4C2C8F4A9A8B2D0101 /* OutputDeviceItem.swift in Sources */,
				9B7D1A4E2C8F4A9A8B2D0101 /* OutputDeviceSelectorView.swift in Sources */,
				9B7D1A502C8F4A9A8B2D0101 /* WorkspaceApplicationLister.swift in Sources */,
				9B7D1A522C8F4A9A8B2D0101 /* OutputDeviceListing.swift in Sources */,
				9B7D1A542C8F4A9A8B2D0101 /* CoreAudioOutputDeviceLister.swift in Sources */,
				9B7D1A562C8F4A9A8B2D0101 /* MockOutputDeviceLister.swift in Sources */,
				9B7D1A582C8F4A9A8B2D0101 /* SystemVolumeReading.swift in Sources */,
				9B7D1A5A2C8F4A9A8B2D0101 /* CoreAudioSystemVolumeReader.swift in Sources */,
				9B7D1A5C2C8F4A9A8B2D0101 /* MockSystemVolumeReader.swift in Sources */,
				9B7D1A5E2C8F4A9A8B2D0101 /* SystemVolumeControlling.swift in Sources */,
				9B7D1A602C8F4A9A8B2D0101 /* CoreAudioSystemVolumeController.swift in Sources */,
				9B7D1A622C8F4A9A8B2D0101 /* MockSystemVolumeController.swift in Sources */,
				9B7D1A642C8F4A9A8B2D0101 /* OutputDeviceControlling.swift in Sources */,
				9B7D1A662C8F4A9A8B2D0101 /* CoreAudioOutputDeviceController.swift in Sources */,
				9B7D1A682C8F4A9A8B2D0101 /* MockOutputDeviceController.swift in Sources */,
				9B7D1A6A2C8F4A9A8B2D0101 /* MixerStatusMessage.swift in Sources */,
				9B7D1A6D2C8F4A9A8B2D0101 /* ProcessTapTestResult.swift in Sources */,
				9B7D1A6F2C8F4A9A8B2D0101 /* ProcessTapTesting.swift in Sources */,
				9B7D1A712C8F4A9A8B2D0101 /* CoreAudioProcessTapTester.swift in Sources */,
				9B7D1A732C8F4A9A8B2D0101 /* MockProcessTapTester.swift in Sources */,
				9B7D1A752C8F4A9A8B2D0101 /* ProcessTapTestView.swift in Sources */,
				9B7D1A782C8F4A9A8B2D0101 /* ProcessTapReplayResult.swift in Sources */,
				9B7D1A7A2C8F4A9A8B2D0101 /* ProcessTapReplayProbing.swift in Sources */,
				9B7D1A7C2C8F4A9A8B2D0101 /* CoreAudioProcessTapReplayProbe.swift in Sources */,
				9B7D1A7E2C8F4A9A8B2D0101 /* ProcessTapLiveDiagnostics.swift in Sources */,
				9B7D1A802C8F4A9A8B2D0101 /* ProcessTapLiveState.swift in Sources */,
				9B7D1A882C8F4A9A8B2D0101 /* ProcessTapLiveSessionState.swift in Sources */,
				9B7D1A822C8F4A9A8B2D0101 /* ProcessTapLiveControlling.swift in Sources */,
				9B7D1A8A2C8F4A9A8B2D0101 /* ProcessTapLiveSessionManager.swift in Sources */,
				9B7D1A842C8F4A9A8B2D0101 /* CoreAudioProcessTapLiveController.swift in Sources */,
				9B7D1A8C2C8F4A9A8B2D0101 /* ProcessTapTwoAppReadinessTesting.swift in Sources */,
				9B7D1AA62C8F4A9A8B2D0101 /* ProcessTapDiagnosticsAccumulator.swift in Sources */,
				9B7D1AC12C8F4A9A8B2D0101 /* ProcessTapOutputBufferCopier.swift in Sources */,
				9B7D1A8E2C8F4A9A8B2D0101 /* TwoAppReadinessTestView.swift in Sources */,
				9B7D1A862C8F4A9A8B2D0101 /* ProcessTapLifecycle.swift in Sources */,
				9B7D1A902C8F4A9A8B2D0101 /* CoreAudioHelpers.swift in Sources */,
				9B7D1A922C8F4A9A8B2D0101 /* Comparable+Clamped.swift in Sources */,
				9B7D1A942C8F4A9A8B2D0101 /* ProcessListing.swift in Sources */,
				9B7D1A962C8F4A9A8B2D0101 /* SystemProcessLister.swift in Sources */,
				9B7D1A982C8F4A9A8B2D0101 /* HelperProcessDiscoveryView.swift in Sources */,
				9B7D1A9B2C8F4A9A8B2D0101 /* ProcessTapCandidateAudioProbing.swift in Sources */,
				9B7D1AA02C8F4A9A8B2D0101 /* HelperProcessCandidateDiscovery.swift in Sources */,
				9B7D1AA22C8F4A9A8B2D0101 /* AppAudioTargetResolving.swift in Sources */,
				9B7D1AA42C8F4A9A8B2D0101 /* AppLogger.swift in Sources */,
				9B7D1AEE2C8F4A9A8B2D0101 /* TwoAppReadinessState.swift in Sources */,
			);
			runOnlyForDeploymentPostprocessing = 0;
		};
		9B7D1AB92C8F4A9A8B2D0101 /* Sources */ = {
			isa = PBXSourcesBuildPhase;
			buildActionMask = 2147483647;
			files = (
				9B7D1AB02C8F4A9A8B2D0101 /* ComparableClampedTests.swift in Sources */,
				9B7D1AB12C8F4A9A8B2D0101 /* ProcessTapReplayGainOptionTests.swift in Sources */,
				9B7D1AB22C8F4A9A8B2D0101 /* ProcessTapDiagnosticsAccumulatorTests.swift in Sources */,
				9B7D1AC32C8F4A9A8B2D0101 /* ProcessTapOutputBufferCopierTests.swift in Sources */,
				9B7D1AD12C8F4A9A8B2D0101 /* HelperProcessCandidateDiscoveryTests.swift in Sources */,
				9B7D1AD32C8F4A9A8B2D0101 /* HelperAudioTargetResolverTests.swift in Sources */,
				9B7D1AD52C8F4A9A8B2D0101 /* ProcessTapPermissionMessageTests.swift in Sources */,
				9B7D1AD72C8F4A9A8B2D0101 /* ProcessTapLiveSessionManagerTests.swift in Sources */,
				9B7D1ADD2C8F4A9A8B2D0101 /* AdvancedHelperDiscoveryCoordinatorTests.swift in Sources */,
				9B7D1AE02C8F4A9A8B2D0101 /* SystemOutputCoordinatorTests.swift in Sources */,
				9B7D1B032C8F4A9A8B2D0101 /* RealControlBannerPresenterTests.swift in Sources */,
				9B7D1B072C8F4A9A8B2D0101 /* MixerVisibleAppsFilterTests.swift in Sources */,
				9B7D1B0B2C8F4A9A8B2D0101 /* MixerStatusMessageControllerTests.swift in Sources */,
				9B7D1B112C8F4A9A8B2D0101 /* ProductRealControlCoordinatorTests.swift in Sources */,
				9B7D1AE42C8F4A9A8B2D0101 /* AdvancedProcessTapDiagnosticsCoordinatorTests.swift in Sources */,
				9B7D1AE62C8F4A9A8B2D0101 /* MixerViewModelLiveControlTests.swift in Sources */,
				9B7D1AEA2C8F4A9A8B2D0101 /* AdvancedLiveControlCoordinatorTests.swift in Sources */,
				9B7D1AEC2C8F4A9A8B2D0101 /* MixerViewModelTwoAppReadinessTests.swift in Sources */,
				9B7D1AF22C8F4A9A8B2D0101 /* TwoAppReadinessCoordinatorTests.swift in Sources */,
				9B7D1AF72C8F4A9A8B2D0101 /* ProductRealControlStateTests.swift in Sources */,
			);
			runOnlyForDeploymentPostprocessing = 0;
		};
/* End PBXSourcesBuildPhase section */

/* Begin PBXTargetDependency section */
		9B7D1ABD2C8F4A9A8B2D0101 /* PBXTargetDependency */ = {
			isa = PBXTargetDependency;
			target = 9B7D1A232C8F4A9A8B2D0101 /* MacMiniMixer */;
			targetProxy = 9B7D1ABC2C8F4A9A8B2D0101 /* PBXContainerItemProxy */;
		};
/* End PBXTargetDependency section */

/* Begin XCBuildConfiguration section */
		9B7D1A452C8F4A9A8B2D0101 /* Debug */ = {
			isa = XCBuildConfiguration;
			buildSettings = {
				ALWAYS_SEARCH_USER_PATHS = NO;
				CLANG_ANALYZER_NONNULL = YES;
				CLANG_ANALYZER_NUMBER_OBJECT_CONVERSION = YES_AGGRESSIVE;
				CLANG_CXX_LANGUAGE_STANDARD = "gnu++20";
				CLANG_ENABLE_MODULES = YES;
				CLANG_ENABLE_OBJC_ARC = YES;
				CLANG_ENABLE_OBJC_WEAK = YES;
				CLANG_WARN_BLOCK_CAPTURE_AUTORELEASING = YES;
				CLANG_WARN_BOOL_CONVERSION = YES;
				CLANG_WARN_COMMA = YES;
				CLANG_WARN_CONSTANT_CONVERSION = YES;
				CLANG_WARN_DEPRECATED_OBJC_IMPLEMENTATIONS = YES;
				CLANG_WARN_DIRECT_OBJC_ISA_USAGE = YES_ERROR;
				CLANG_WARN_DOCUMENTATION_COMMENTS = YES;
				CLANG_WARN_EMPTY_BODY = YES;
				CLANG_WARN_ENUM_CONVERSION = YES;
				CLANG_WARN_INFINITE_RECURSION = YES;
				CLANG_WARN_INT_CONVERSION = YES;
				CLANG_WARN_NON_LITERAL_NULL_CONVERSION = YES;
				CLANG_WARN_OBJC_IMPLICIT_RETAIN_SELF = YES;
				CLANG_WARN_OBJC_LITERAL_CONVERSION = YES;
				CLANG_WARN_OBJC_ROOT_CLASS = YES_ERROR;
				CLANG_WARN_QUOTED_INCLUDE_IN_FRAMEWORK_HEADER = YES;
				CLANG_WARN_RANGE_LOOP_ANALYSIS = YES;
				CLANG_WARN_STRICT_PROTOTYPES = YES;
				CLANG_WARN_SUSPICIOUS_MOVE = YES;
				CLANG_WARN_UNGUARDED_AVAILABILITY = YES_AGGRESSIVE;
				CLANG_WARN_UNREACHABLE_CODE = YES;
				CLANG_WARN__DUPLICATE_METHOD_MATCH = YES;
				COPY_PHASE_STRIP = NO;
				DEBUG_INFORMATION_FORMAT = dwarf;
				ENABLE_STRICT_OBJC_MSGSEND = YES;
				ENABLE_TESTABILITY = YES;
				ENABLE_USER_SCRIPT_SANDBOXING = YES;
				GCC_C_LANGUAGE_STANDARD = gnu17;
				GCC_DYNAMIC_NO_PIC = NO;
				GCC_NO_COMMON_BLOCKS = YES;
				GCC_OPTIMIZATION_LEVEL = 0;
				GCC_PREPROCESSOR_DEFINITIONS = (
					"DEBUG=1",
					"$(inherited)",
				);
				GCC_WARN_64_TO_32_BIT_CONVERSION = YES;
				GCC_WARN_ABOUT_RETURN_TYPE = YES_ERROR;
				GCC_WARN_UNDECLARED_SELECTOR = YES;
				GCC_WARN_UNINITIALIZED_AUTOS = YES_AGGRESSIVE;
				GCC_WARN_UNUSED_FUNCTION = YES;
				GCC_WARN_UNUSED_VARIABLE = YES;
				MACOSX_DEPLOYMENT_TARGET = 13.0;
				MTL_ENABLE_DEBUG_INFO = INCLUDE_SOURCE;
				MTL_FAST_MATH = YES;
				ONLY_ACTIVE_ARCH = YES;
				SDKROOT = macosx;
				SWIFT_ACTIVE_COMPILATION_CONDITIONS = DEBUG;
				SWIFT_OPTIMIZATION_LEVEL = "-Onone";
			};
			name = Debug;
		};
		9B7D1A482C8F4A9A8B2D0101 /* Debug */ = {
			isa = XCBuildConfiguration;
			buildSettings = {
				ASSETCATALOG_COMPILER_APPICON_NAME = "";
				CODE_SIGN_IDENTITY = "-";
				CODE_SIGN_STYLE = Manual;
				COMBINE_HIDPI_IMAGES = YES;
				CURRENT_PROJECT_VERSION = 1;
				DEVELOPMENT_TEAM = "";
				ENABLE_HARDENED_RUNTIME = YES;
				GENERATE_INFOPLIST_FILE = NO;
				INFOPLIST_FILE = MacMiniMixer/Support/Info.plist;
				LD_RUNPATH_SEARCH_PATHS = (
					"$(inherited)",
					"@executable_path/../Frameworks",
				);
				MACOSX_DEPLOYMENT_TARGET = 13.0;
				MARKETING_VERSION = 0.13;
				PRODUCT_BUNDLE_IDENTIFIER = "com.example.MacMiniMixer";
				PRODUCT_NAME = "$(TARGET_NAME)";
				SWIFT_EMIT_LOC_STRINGS = YES;
				SWIFT_VERSION = 5.0;
			};
			name = Debug;
		};
		9B7D1A492C8F4A9A8B2D0101 /* Release */ = {
			isa = XCBuildConfiguration;
			buildSettings = {
				ASSETCATALOG_COMPILER_APPICON_NAME = "";
				CODE_SIGN_IDENTITY = "-";
				CODE_SIGN_STYLE = Manual;
				COMBINE_HIDPI_IMAGES = YES;
				CURRENT_PROJECT_VERSION = 1;
				DEVELOPMENT_TEAM = "";
				ENABLE_HARDENED_RUNTIME = YES;
				GENERATE_INFOPLIST_FILE = NO;
				INFOPLIST_FILE = MacMiniMixer/Support/Info.plist;
				LD_RUNPATH_SEARCH_PATHS = (
					"$(inherited)",
					"@executable_path/../Frameworks",
				);
				MACOSX_DEPLOYMENT_TARGET = 13.0;
				MARKETING_VERSION = 0.13;
				PRODUCT_BUNDLE_IDENTIFIER = "com.example.MacMiniMixer";
				PRODUCT_NAME = "$(TARGET_NAME)";
				SWIFT_EMIT_LOC_STRINGS = YES;
				SWIFT_VERSION = 5.0;
			};
			name = Release;
		};
		9B7D1A4A2C8F4A9A8B2D0101 /* Release */ = {
			isa = XCBuildConfiguration;
			buildSettings = {
				ALWAYS_SEARCH_USER_PATHS = NO;
				CLANG_ANALYZER_NONNULL = YES;
				CLANG_ANALYZER_NUMBER_OBJECT_CONVERSION = YES_AGGRESSIVE;
				CLANG_CXX_LANGUAGE_STANDARD = "gnu++20";
				CLANG_ENABLE_MODULES = YES;
				CLANG_ENABLE_OBJC_ARC = YES;
				CLANG_ENABLE_OBJC_WEAK = YES;
				CLANG_WARN_BLOCK_CAPTURE_AUTORELEASING = YES;
				CLANG_WARN_BOOL_CONVERSION = YES;
				CLANG_WARN_COMMA = YES;
				CLANG_WARN_CONSTANT_CONVERSION = YES;
				CLANG_WARN_DEPRECATED_OBJC_IMPLEMENTATIONS = YES;
				CLANG_WARN_DIRECT_OBJC_ISA_USAGE = YES_ERROR;
				CLANG_WARN_DOCUMENTATION_COMMENTS = YES;
				CLANG_WARN_EMPTY_BODY = YES;
				CLANG_WARN_ENUM_CONVERSION = YES;
				CLANG_WARN_INFINITE_RECURSION = YES;
				CLANG_WARN_INT_CONVERSION = YES;
				CLANG_WARN_NON_LITERAL_NULL_CONVERSION = YES;
				CLANG_WARN_OBJC_IMPLICIT_RETAIN_SELF = YES;
				CLANG_WARN_OBJC_LITERAL_CONVERSION = YES;
				CLANG_WARN_OBJC_ROOT_CLASS = YES_ERROR;
				CLANG_WARN_QUOTED_INCLUDE_IN_FRAMEWORK_HEADER = YES;
				CLANG_WARN_RANGE_LOOP_ANALYSIS = YES;
				CLANG_WARN_STRICT_PROTOTYPES = YES;
				CLANG_WARN_SUSPICIOUS_MOVE = YES;
				CLANG_WARN_UNGUARDED_AVAILABILITY = YES_AGGRESSIVE;
				CLANG_WARN_UNREACHABLE_CODE = YES;
				CLANG_WARN__DUPLICATE_METHOD_MATCH = YES;
				COPY_PHASE_STRIP = NO;
				DEBUG_INFORMATION_FORMAT = "dwarf-with-dsym";
				ENABLE_NS_ASSERTIONS = NO;
				ENABLE_STRICT_OBJC_MSGSEND = YES;
				ENABLE_USER_SCRIPT_SANDBOXING = YES;
				GCC_C_LANGUAGE_STANDARD = gnu17;
				GCC_NO_COMMON_BLOCKS = YES;
				GCC_WARN_64_TO_32_BIT_CONVERSION = YES;
				GCC_WARN_ABOUT_RETURN_TYPE = YES_ERROR;
				GCC_WARN_UNDECLARED_SELECTOR = YES;
				GCC_WARN_UNINITIALIZED_AUTOS = YES_AGGRESSIVE;
				GCC_WARN_UNUSED_FUNCTION = YES;
				GCC_WARN_UNUSED_VARIABLE = YES;
				MACOSX_DEPLOYMENT_TARGET = 13.0;
				MTL_ENABLE_DEBUG_INFO = NO;
				MTL_FAST_MATH = YES;
				SDKROOT = macosx;
				SWIFT_COMPILATION_MODE = wholemodule;
				SWIFT_OPTIMIZATION_LEVEL = "-O";
				VALIDATE_PRODUCT = YES;
			};
			name = Release;
		};
		9B7D1ABE2C8F4A9A8B2D0101 /* Debug */ = {
			isa = XCBuildConfiguration;
			buildSettings = {
				BUNDLE_LOADER = "$(TEST_HOST)";
				CODE_SIGN_IDENTITY = "-";
				CODE_SIGN_STYLE = Manual;
				COMBINE_HIDPI_IMAGES = YES;
				CURRENT_PROJECT_VERSION = 1;
				DEVELOPMENT_TEAM = "";
				GENERATE_INFOPLIST_FILE = YES;
				LD_RUNPATH_SEARCH_PATHS = (
					"$(inherited)",
					"@executable_path/../Frameworks",
					"@loader_path/../Frameworks",
				);
				MACOSX_DEPLOYMENT_TARGET = 13.0;
				MARKETING_VERSION = 0.13;
				PRODUCT_BUNDLE_IDENTIFIER = "com.example.MacMiniMixerTests";
				PRODUCT_NAME = "$(TARGET_NAME)";
				SWIFT_VERSION = 5.0;
				TEST_HOST = "$(BUILT_PRODUCTS_DIR)/MacMiniMixer.app/Contents/MacOS/MacMiniMixer";
			};
			name = Debug;
		};
		9B7D1ABF2C8F4A9A8B2D0101 /* Release */ = {
			isa = XCBuildConfiguration;
			buildSettings = {
				BUNDLE_LOADER = "$(TEST_HOST)";
				CODE_SIGN_IDENTITY = "-";
				CODE_SIGN_STYLE = Manual;
				COMBINE_HIDPI_IMAGES = YES;
				CURRENT_PROJECT_VERSION = 1;
				DEVELOPMENT_TEAM = "";
				GENERATE_INFOPLIST_FILE = YES;
				LD_RUNPATH_SEARCH_PATHS = (
					"$(inherited)",
					"@executable_path/../Frameworks",
					"@loader_path/../Frameworks",
				);
				MACOSX_DEPLOYMENT_TARGET = 13.0;
				MARKETING_VERSION = 0.13;
				PRODUCT_BUNDLE_IDENTIFIER = "com.example.MacMiniMixerTests";
				PRODUCT_NAME = "$(TARGET_NAME)";
				SWIFT_VERSION = 5.0;
				TEST_HOST = "$(BUILT_PRODUCTS_DIR)/MacMiniMixer.app/Contents/MacOS/MacMiniMixer";
			};
			name = Release;
		};
/* End XCBuildConfiguration section */

/* Begin XCConfigurationList section */
		9B7D1A1F2C8F4A9A8B2D0101 /* Build configuration list for PBXProject "MacMiniMixer" */ = {
			isa = XCConfigurationList;
			buildConfigurations = (
				9B7D1A452C8F4A9A8B2D0101 /* Debug */,
				9B7D1A4A2C8F4A9A8B2D0101 /* Release */,
			);
			defaultConfigurationIsVisible = 0;
			defaultConfigurationName = Release;
		};
		9B7D1A462C8F4A9A8B2D0101 /* Build configuration list for PBXNativeTarget "MacMiniMixer" */ = {
			isa = XCConfigurationList;
			buildConfigurations = (
				9B7D1A482C8F4A9A8B2D0101 /* Debug */,
				9B7D1A492C8F4A9A8B2D0101 /* Release */,
			);
			defaultConfigurationIsVisible = 0;
			defaultConfigurationName = Release;
		};
		9B7D1AC02C8F4A9A8B2D0101 /* Build configuration list for PBXNativeTarget "MacMiniMixerTests" */ = {
			isa = XCConfigurationList;
			buildConfigurations = (
				9B7D1ABE2C8F4A9A8B2D0101 /* Debug */,
				9B7D1ABF2C8F4A9A8B2D0101 /* Release */,
			);
			defaultConfigurationIsVisible = 0;
			defaultConfigurationName = Release;
		};
/* End XCConfigurationList section */
	};
	rootObject = 9B7D1A1C2C8F4A9A8B2D0101 /* Project object */;
}
